
Microsoft Visual Studio Solution File, Format Version 12.00
# Visual Studio Version 16
VisualStudioVersion = 16.0.29418.71
MinimumVisualStudioVersion = 10.0.40219.1
Project("{FAE04EC0-301F-11D3-BF4B-00C04F79EFBC}") = "QuasiSpecFileEditor", "QuasiSpecFileEditor\QuasiSpecFileEditor.csproj", "{0FBDD088-FCA1-4D24-98A6-DB78E7F0EE81}"
EndProject
Global
	GlobalSection(SolutionConfigurationPlatforms) = preSolution
		Debug|Any CPU = Debug|Any CPU
		Release|Any CPU = Release|Any CPU
	EndGlobalSection
	GlobalSection(ProjectConfigurationPlatforms) = postSolution
		{0FBDD088-FCA1-4D24-98A6-DB78E7F0EE81}.Debug|Any CPU.ActiveCfg = Debug|Any CPU
		{0FBDD088-FCA1-4D24-98A6-DB78E7F0EE81}.Debug|Any CPU.Build.0 = Debug|Any CPU
		{0FBDD088-FCA1-4D24-98A6-DB78E7F0EE81}.Release|Any CPU.ActiveCfg = Release|Any CPU
		{0FBDD088-FCA1-4D24-98A6-DB78E7F0EE81}.Release|Any CPU.Build.0 = Release|Any CPU
	EndGlobalSection
	GlobalSection(SolutionProperties) = preSolution
		HideSolutionNode = FALSE
	EndGlobalSection
	GlobalSection(ExtensibilityGlobals) = postSolution
		SolutionGuid = {86194E67-31E0-4EB0-B167-BDA9639C6D6E}
	EndGlobalSection
EndGlobal
